
Microsoft Visual Studio Solution File, Format Version 12.00
# Visual Studio Version 16
VisualStudioVersion = 16.0.31911.196
MinimumVisualStudioVersion = 10.0.40219.1
Project("{2150E333-8FDC-42A3-9474-1A3956D46DE8}") = "src", "src", "{AE0745A4-F9FC-484F-B8B5-1F81E622AC01}"
EndProject
Project("{2150E333-8FDC-42A3-9474-1A3956D46DE8}") = "tests", "tests", "{BBF356E2-DABF-415A-A379-7CAA49DC523B}"
EndProject
Project("{2150E333-8FDC-42A3-9474-1A3956D46DE8}") = "cloudformation", "cloudformation", "{BEF5EE27-83FC-436E-8BAD-6336698AF9A6}"
	ProjectSection(SolutionItems) = preProject
		cloudformation\message-infra-cfn.yml = cloudformation\message-infra-cfn.yml
	EndProjectSection
EndProject
Project("{9A19103F-16F7-4668-BE54-9A1E7A4F7556}") = "MessageProcessor.Lambda", "src\MessageProcessor.Lambda\MessageProcessor.Lambda.csproj", "{0220C9E9-84D1-473E-9B96-52D10771B321}"
EndProject
Project("{9A19103F-16F7-4668-BE54-9A1E7A4F7556}") = "MessageProcessor.Lambda.Tests", "tests\MessageProcessor.Lambda.Tests\MessageProcessor.Lambda.Tests.csproj", "{B3A238A1-7F29-4BAC-9B97-E9844AD508F2}"
EndProject
Project("{9A19103F-16F7-4668-BE54-9A1E7A4F7556}") = "Application", "src\Application\Application.csproj", "{C6CF62F3-B7EB-4F36-9983-320A01808859}"
EndProject
Project("{9A19103F-16F7-4668-BE54-9A1E7A4F7556}") = "Infrastructure", "src\Infrastructure\Infrastructure.csproj", "{BD8F4B3E-BE23-409F-9882-BF044E67F72C}"
EndProject
Project("{9A19103F-16F7-4668-BE54-9A1E7A4F7556}") = "Domain", "src\Domain\Domain.csproj", "{3849A819-1A8E-4365-A649-E86B31473E05}"
EndProject
Project("{9A19103F-16F7-4668-BE54-9A1E7A4F7556}") = "MessageProcessor.ConsoleApp", "src\MessageProcessor.ConsoleApp\MessageProcessor.ConsoleApp.csproj", "{E8F5370A-BCD3-4E6E-9B75-A2859311962D}"
EndProject
Project("{9A19103F-16F7-4668-BE54-9A1E7A4F7556}") = "PatientService.WebAPI", "src\PatientService.WebAPI\PatientService.WebAPI.csproj", "{1B5799C4-3B76-45F4-BD0C-D33092AC4208}"
EndProject
Project("{9A19103F-16F7-4668-BE54-9A1E7A4F7556}") = "MissingData.Lambda", "src\MissingData.Lambda\MissingData.Lambda.csproj", "{62A5AA5A-0A0E-444C-8A76-4E98D9A01D81}"
EndProject
Project("{9A19103F-16F7-4668-BE54-9A1E7A4F7556}") = "MissingData.ConsoleApp", "src\MissingData.ConsoleApp\MissingData.ConsoleApp.csproj", "{0CC3D3FF-94E3-4EBB-8222-C0419A001046}"
EndProject
Project("{00D1A9C2-B5F0-4AF3-8072-F6C62B433612}") = "Database", "src\Database\Database.sqlproj", "{0F197085-B3B5-4D4D-A569-B63C71B428B3}"
EndProject
Global
	GlobalSection(SolutionConfigurationPlatforms) = preSolution
		Debug|Any CPU = Debug|Any CPU
		Release|Any CPU = Release|Any CPU
	EndGlobalSection
	GlobalSection(ProjectConfigurationPlatforms) = postSolution
		{0220C9E9-84D1-473E-9B96-52D10771B321}.Debug|Any CPU.ActiveCfg = Debug|Any CPU
		{0220C9E9-84D1-473E-9B96-52D10771B321}.Debug|Any CPU.Build.0 = Debug|Any CPU
		{0220C9E9-84D1-473E-9B96-52D10771B321}.Release|Any CPU.ActiveCfg = Release|Any CPU
		{0220C9E9-84D1-473E-9B96-52D10771B321}.Release|Any CPU.Build.0 = Release|Any CPU
		{B3A238A1-7F29-4BAC-9B97-E9844AD508F2}.Debug|Any CPU.ActiveCfg = Debug|Any CPU
		{B3A238A1-7F29-4BAC-9B97-E9844AD508F2}.Debug|Any CPU.Build.0 = Debug|Any CPU
		{B3A238A1-7F29-4BAC-9B97-E9844AD508F2}.Release|Any CPU.ActiveCfg = Release|Any CPU
		{B3A238A1-7F29-4BAC-9B97-E9844AD508F2}.Release|Any CPU.Build.0 = Release|Any CPU
		{C6CF62F3-B7EB-4F36-9983-320A01808859}.Debug|Any CPU.ActiveCfg = Debug|Any CPU
		{C6CF62F3-B7EB-4F36-9983-320A01808859}.Debug|Any CPU.Build.0 = Debug|Any CPU
		{C6CF62F3-B7EB-4F36-9983-320A01808859}.Release|Any CPU.ActiveCfg = Release|Any CPU
		{C6CF62F3-B7EB-4F36-9983-320A01808859}.Release|Any CPU.Build.0 = Release|Any CPU
		{BD8F4B3E-BE23-409F-9882-BF044E67F72C}.Debug|Any CPU.ActiveCfg = Debug|Any CPU
		{BD8F4B3E-BE23-409F-9882-BF044E67F72C}.Debug|Any CPU.Build.0 = Debug|Any CPU
		{BD8F4B3E-BE23-409F-9882-BF044E67F72C}.Release|Any CPU.ActiveCfg = Release|Any CPU
		{BD8F4B3E-BE23-409F-9882-BF044E67F72C}.Release|Any CPU.Build.0 = Release|Any CPU
		{3849A819-1A8E-4365-A649-E86B31473E05}.Debug|Any CPU.ActiveCfg = Debug|Any CPU
		{3849A819-1A8E-4365-A649-E86B31473E05}.Debug|Any CPU.Build.0 = Debug|Any CPU
		{3849A819-1A8E-4365-A649-E86B31473E05}.Release|Any CPU.ActiveCfg = Release|Any CPU
		{3849A819-1A8E-4365-A649-E86B31473E05}.Release|Any CPU.Build.0 = Release|Any CPU
		{E8F5370A-BCD3-4E6E-9B75-A2859311962D}.Debug|Any CPU.ActiveCfg = Debug|Any CPU
		{E8F5370A-BCD3-4E6E-9B75-A2859311962D}.Debug|Any CPU.Build.0 = Debug|Any CPU
		{E8F5370A-BCD3-4E6E-9B75-A2859311962D}.Release|Any CPU.ActiveCfg = Release|Any CPU
		{E8F5370A-BCD3-4E6E-9B75-A2859311962D}.Release|Any CPU.Build.0 = Release|Any CPU
		{1B5799C4-3B76-45F4-BD0C-D33092AC4208}.Debug|Any CPU.ActiveCfg = Debug|Any CPU
		{1B5799C4-3B76-45F4-BD0C-D33092AC4208}.Debug|Any CPU.Build.0 = Debug|Any CPU
		{1B5799C4-3B76-45F4-BD0C-D33092AC4208}.Release|Any CPU.ActiveCfg = Release|Any CPU
		{1B5799C4-3B76-45F4-BD0C-D33092AC4208}.Release|Any CPU.Build.0 = Release|Any CPU
		{62A5AA5A-0A0E-444C-8A76-4E98D9A01D81}.Debug|Any CPU.ActiveCfg = Debug|Any CPU
		{62A5AA5A-0A0E-444C-8A76-4E98D9A01D81}.Debug|Any CPU.Build.0 = Debug|Any CPU
		{62A5AA5A-0A0E-444C-8A76-4E98D9A01D81}.Release|Any CPU.ActiveCfg = Release|Any CPU
		{62A5AA5A-0A0E-444C-8A76-4E98D9A01D81}.Release|Any CPU.Build.0 = Release|Any CPU
		{0CC3D3FF-94E3-4EBB-8222-C0419A001046}.Debug|Any CPU.ActiveCfg = Debug|Any CPU
		{0CC3D3FF-94E3-4EBB-8222-C0419A001046}.Debug|Any CPU.Build.0 = Debug|Any CPU
		{0CC3D3FF-94E3-4EBB-8222-C0419A001046}.Release|Any CPU.ActiveCfg = Release|Any CPU
		{0CC3D3FF-94E3-4EBB-8222-C0419A001046}.Release|Any CPU.Build.0 = Release|Any CPU
		{0F197085-B3B5-4D4D-A569-B63C71B428B3}.Debug|Any CPU.ActiveCfg = Debug|Any CPU
		{0F197085-B3B5-4D4D-A569-B63C71B428B3}.Debug|Any CPU.Build.0 = Debug|Any CPU
		{0F197085-B3B5-4D4D-A569-B63C71B428B3}.Debug|Any CPU.Deploy.0 = Debug|Any CPU
		{0F197085-B3B5-4D4D-A569-B63C71B428B3}.Release|Any CPU.ActiveCfg = Release|Any CPU
		{0F197085-B3B5-4D4D-A569-B63C71B428B3}.Release|Any CPU.Build.0 = Release|Any CPU
		{0F197085-B3B5-4D4D-A569-B63C71B428B3}.Release|Any CPU.Deploy.0 = Release|Any CPU
	EndGlobalSection
	GlobalSection(SolutionProperties) = preSolution
		HideSolutionNode = FALSE
	EndGlobalSection
	GlobalSection(NestedProjects) = preSolution
		{0220C9E9-84D1-473E-9B96-52D10771B321} = {AE0745A4-F9FC-484F-B8B5-1F81E622AC01}
		{B3A238A1-7F29-4BAC-9B97-E9844AD508F2} = {BBF356E2-DABF-415A-A379-7CAA49DC523B}
		{C6CF62F3-B7EB-4F36-9983-320A01808859} = {AE0745A4-F9FC-484F-B8B5-1F81E622AC01}
		{BD8F4B3E-BE23-409F-9882-BF044E67F72C} = {AE0745A4-F9FC-484F-B8B5-1F81E622AC01}
		{3849A819-1A8E-4365-A649-E86B31473E05} = {AE0745A4-F9FC-484F-B8B5-1F81E622AC01}
		{E8F5370A-BCD3-4E6E-9B75-A2859311962D} = {AE0745A4-F9FC-484F-B8B5-1F81E622AC01}
		{1B5799C4-3B76-45F4-BD0C-D33092AC4208} = {AE0745A4-F9FC-484F-B8B5-1F81E622AC01}
		{62A5AA5A-0A0E-444C-8A76-4E98D9A01D81} = {AE0745A4-F9FC-484F-B8B5-1F81E622AC01}
		{0CC3D3FF-94E3-4EBB-8222-C0419A001046} = {AE0745A4-F9FC-484F-B8B5-1F81E622AC01}
		{0F197085-B3B5-4D4D-A569-B63C71B428B3} = {AE0745A4-F9FC-484F-B8B5-1F81E622AC01}
	EndGlobalSection
	GlobalSection(ExtensibilityGlobals) = postSolution
		SolutionGuid = {B5629C52-4E6C-4F79-B0FE-8C35C7997B0A}
	EndGlobalSection
EndGlobal
